
Microsoft Visual Studio Solution File, Format Version 12.00
# Visual Studio Version 17
VisualStudioVersion = 17.2.32616.157
MinimumVisualStudioVersion = 10.0.40219.1
Project("{FAE04EC0-301F-11D3-BF4B-00C04F79EFBC}") = "Whatsapp.API", "Whatsapp.API\Whatsapp.API.csproj", "{96387DCF-83C7-4205-88E6-DF11A90C9372}"
EndProject
Global
	GlobalSection(SolutionConfigurationPlatforms) = preSolution
		Debug|Any CPU = Debug|Any CPU
		Release|Any CPU = Release|Any CPU
	EndGlobalSection
	GlobalSection(ProjectConfigurationPlatforms) = postSolution
		{96387DCF-83C7-4205-88E6-DF11A90C9372}.Debug|Any CPU.ActiveCfg = Debug|Any CPU
		{96387DCF-83C7-4205-88E6-DF11A90C9372}.Debug|Any CPU.Build.0 = Debug|Any CPU
		{96387DCF-83C7-4205-88E6-DF11A90C9372}.Release|Any CPU.ActiveCfg = Release|Any CPU
		{96387DCF-83C7-4205-88E6-DF11A90C9372}.Release|Any CPU.Build.0 = Release|Any CPU
	EndGlobalSection
	GlobalSection(SolutionProperties) = preSolution
		HideSolutionNode = FALSE
	EndGlobalSection
	GlobalSection(ExtensibilityGlobals) = postSolution
		SolutionGuid = {FB76FB36-1A18-4E0C-B8FD-FD406CD4FAC2}
	EndGlobalSection
EndGlobal
